
Microsoft Visual Studio Solution File, Format Version 12.00
# Visual Studio 15
VisualStudioVersion = 15.0.28307.421
MinimumVisualStudioVersion = 10.0.40219.1
Project("{FAE04EC0-301F-11D3-BF4B-00C04F79EFBC}") = "Bisection", "Bisection\Bisection.csproj", "{949D371D-967C-42B6-AC89-640BE8FD77B2}"
EndProject
Global
	GlobalSection(SolutionConfigurationPlatforms) = preSolution
		Debug|Any CPU = Debug|Any CPU
		Release|Any CPU = Release|Any CPU
	EndGlobalSection
	GlobalSection(ProjectConfigurationPlatforms) = postSolution
		{949D371D-967C-42B6-AC89-640BE8FD77B2}.Debug|Any CPU.ActiveCfg = Debug|Any CPU
		{949D371D-967C-42B6-AC89-640BE8FD77B2}.Debug|Any CPU.Build.0 = Debug|Any CPU
		{949D371D-967C-42B6-AC89-640BE8FD77B2}.Release|Any CPU.ActiveCfg = Release|Any CPU
		{949D371D-967C-42B6-AC89-640BE8FD77B2}.Release|Any CPU.Build.0 = Release|Any CPU
	EndGlobalSection
	GlobalSection(SolutionProperties) = preSolution
		HideSolutionNode = FALSE
	EndGlobalSection
	GlobalSection(ExtensibilityGlobals) = postSolution
		SolutionGuid = {D4CCC2BF-470F-4F85-8F4F-6993D8103767}
	EndGlobalSection
EndGlobal
